{
  "name": "vote",
  "version": "2.0.0",
  "lockfileVersion": 1,
  "requires": true,
  "dependencies": {
    "graphql": {
      "version": "15.3.0",
      "resolved": "https://registry.npmjs.org/graphql/-/graphql-15.3.0.tgz",
      "integrity": "sha512-GTCJtzJmkFLWRfFJuoo9RWWa/FfamUHgiFosxi/X1Ani4AVWbeyBenZTNX6dM+7WSbbFfTo/25eh0LLkwHMw2w=="
    },
    "graphql-tag": {
      "version": "2.10.4",
      "resolved": "https://registry.npmjs.org/graphql-tag/-/graphql-tag-2.10.4.tgz",
      "integrity": "sha512-O7vG5BT3w6Sotc26ybcvLKNTdfr4GfsIVMD+LdYqXCeJIYPRyp8BIsDOUtxw7S1PYvRw5vH3278J2EDezR6mfA=="
    }
  }
}
