{
  "name": "clearMonthlyStats",
  "version": "2.0.0",
  "lockfileVersion": 1,
  "requires": true,
  "dependencies": {
    "graphql": {
      "version": "15.1.0",
      "resolved": "https://registry.npmjs.org/graphql/-/graphql-15.1.0.tgz",
      "integrity": "sha512-0TVyfOlCGhv/DBczQkJmwXOK6fjWkjzY3Pt7wY8i0gcYXq8aogG3weCsg48m72lywKSeOqedEHvVPOvZvSD51Q=="
    },
    "graphql-tag": {
      "version": "2.10.3",
      "resolved": "https://registry.npmjs.org/graphql-tag/-/graphql-tag-2.10.3.tgz",
      "integrity": "sha512-4FOv3ZKfA4WdOKJeHdz6B3F/vxBLSgmBcGeAFPf4n1F64ltJUvOOerNj0rsJxONQGdhUMynQIvd6LzB+1J5oKA=="
    }
  }
}
